
Microsoft Visual Studio Solution File, Format Version 12.00
# Visual Studio Version 17
VisualStudioVersion = 17.8.34525.116
MinimumVisualStudioVersion = 10.0.40219.1
Project("{FAE04EC0-301F-11D3-BF4B-00C04F79EFBC}") = "Innovative.Backend", "Innovative.Backend.csproj", "{AD288F78-C94A-4F09-8A35-97CA17CE54CF}"
EndProject
Global
	GlobalSection(SolutionConfigurationPlatforms) = preSolution
		Debug|Any CPU = Debug|Any CPU
		Release|Any CPU = Release|Any CPU
	EndGlobalSection
	GlobalSection(ProjectConfigurationPlatforms) = postSolution
		{AD288F78-C94A-4F09-8A35-97CA17CE54CF}.Debug|Any CPU.ActiveCfg = Debug|Any CPU
		{AD288F78-C94A-4F09-8A35-97CA17CE54CF}.Debug|Any CPU.Build.0 = Debug|Any CPU
		{AD288F78-C94A-4F09-8A35-97CA17CE54CF}.Release|Any CPU.ActiveCfg = Release|Any CPU
		{AD288F78-C94A-4F09-8A35-97CA17CE54CF}.Release|Any CPU.Build.0 = Release|Any CPU
	EndGlobalSection
	GlobalSection(SolutionProperties) = preSolution
		HideSolutionNode = FALSE
	EndGlobalSection
	GlobalSection(ExtensibilityGlobals) = postSolution
		SolutionGuid = {D6B574EF-B78A-4462-9E8C-0F9906456768}
	EndGlobalSection
EndGlobal
